
Microsoft Visual Studio Solution File, Format Version 12.00
# Visual Studio 15
VisualStudioVersion = 15.0.26730.16
MinimumVisualStudioVersion = 10.0.40219.1
Project("{FAE04EC0-301F-11D3-BF4B-00C04F79EFBC}") = "DesignAgency.BoboFacets", "DesignAgency.BoboFacets\DesignAgency.BoboFacets.csproj", "{60C3DC4E-908F-4ED0-B4F2-672AC1977257}"
EndProject
Project("{FAE04EC0-301F-11D3-BF4B-00C04F79EFBC}") = "DesignAgency.BoboFacets.Example", "DesignAgency.BoboFacets.Example\DesignAgency.BoboFacets.Example.csproj", "{06E85649-5205-41ED-820D-946C19C919A4}"
EndProject
Global
	GlobalSection(SolutionConfigurationPlatforms) = preSolution
		Debug|Any CPU = Debug|Any CPU
		Release|Any CPU = Release|Any CPU
	EndGlobalSection
	GlobalSection(ProjectConfigurationPlatforms) = postSolution
		{60C3DC4E-908F-4ED0-B4F2-672AC1977257}.Debug|Any CPU.ActiveCfg = Debug|Any CPU
		{60C3DC4E-908F-4ED0-B4F2-672AC1977257}.Debug|Any CPU.Build.0 = Debug|Any CPU
		{60C3DC4E-908F-4ED0-B4F2-672AC1977257}.Release|Any CPU.ActiveCfg = Release|Any CPU
		{60C3DC4E-908F-4ED0-B4F2-672AC1977257}.Release|Any CPU.Build.0 = Release|Any CPU
		{06E85649-5205-41ED-820D-946C19C919A4}.Debug|Any CPU.ActiveCfg = Debug|Any CPU
		{06E85649-5205-41ED-820D-946C19C919A4}.Debug|Any CPU.Build.0 = Debug|Any CPU
		{06E85649-5205-41ED-820D-946C19C919A4}.Release|Any CPU.ActiveCfg = Release|Any CPU
		{06E85649-5205-41ED-820D-946C19C919A4}.Release|Any CPU.Build.0 = Release|Any CPU
	EndGlobalSection
	GlobalSection(SolutionProperties) = preSolution
		HideSolutionNode = FALSE
	EndGlobalSection
	GlobalSection(ExtensibilityGlobals) = postSolution
		SolutionGuid = {AEB4D8A3-E162-4C10-B8B5-CF98C70E5338}
	EndGlobalSection
EndGlobal
